
Microsoft Visual Studio Solution File, Format Version 12.00
# Visual Studio Version 17
VisualStudioVersion = 17.7.34018.315
MinimumVisualStudioVersion = 10.0.40219.1
Project("{9A19103F-16F7-4668-BE54-9A1E7A4F7556}") = "BookStorage", "BookStorage\BookStorage.csproj", "{FB402A3A-3610-47B9-9206-0D5B891F08BE}"
EndProject
Project("{9A19103F-16F7-4668-BE54-9A1E7A4F7556}") = "DataBaseAccess", "DataBaseAccess\DataBaseAccess.csproj", "{1A2A6395-4561-4451-BC51-0FEBF18E297D}"
EndProject
Project("{9A19103F-16F7-4668-BE54-9A1E7A4F7556}") = "Core", "Core\Core.csproj", "{6150DE8C-22D4-4276-9C31-348056FD8549}"
EndProject
Global
	GlobalSection(SolutionConfigurationPlatforms) = preSolution
		Debug|Any CPU = Debug|Any CPU
		Release|Any CPU = Release|Any CPU
	EndGlobalSection
	GlobalSection(ProjectConfigurationPlatforms) = postSolution
		{FB402A3A-3610-47B9-9206-0D5B891F08BE}.Debug|Any CPU.ActiveCfg = Debug|Any CPU
		{FB402A3A-3610-47B9-9206-0D5B891F08BE}.Debug|Any CPU.Build.0 = Debug|Any CPU
		{FB402A3A-3610-47B9-9206-0D5B891F08BE}.Release|Any CPU.ActiveCfg = Release|Any CPU
		{FB402A3A-3610-47B9-9206-0D5B891F08BE}.Release|Any CPU.Build.0 = Release|Any CPU
		{1A2A6395-4561-4451-BC51-0FEBF18E297D}.Debug|Any CPU.ActiveCfg = Debug|Any CPU
		{1A2A6395-4561-4451-BC51-0FEBF18E297D}.Debug|Any CPU.Build.0 = Debug|Any CPU
		{1A2A6395-4561-4451-BC51-0FEBF18E297D}.Release|Any CPU.ActiveCfg = Release|Any CPU
		{1A2A6395-4561-4451-BC51-0FEBF18E297D}.Release|Any CPU.Build.0 = Release|Any CPU
		{6150DE8C-22D4-4276-9C31-348056FD8549}.Debug|Any CPU.ActiveCfg = Debug|Any CPU
		{6150DE8C-22D4-4276-9C31-348056FD8549}.Debug|Any CPU.Build.0 = Debug|Any CPU
		{6150DE8C-22D4-4276-9C31-348056FD8549}.Release|Any CPU.ActiveCfg = Release|Any CPU
		{6150DE8C-22D4-4276-9C31-348056FD8549}.Release|Any CPU.Build.0 = Release|Any CPU
	EndGlobalSection
	GlobalSection(SolutionProperties) = preSolution
		HideSolutionNode = FALSE
	EndGlobalSection
	GlobalSection(ExtensibilityGlobals) = postSolution
		SolutionGuid = {86E54D47-3754-4C06-9F8E-2F375EE46BB1}
	EndGlobalSection
EndGlobal
